
Microsoft Visual Studio Solution File, Format Version 12.00
# Visual Studio Version 17
VisualStudioVersion = 17.2.32526.322
MinimumVisualStudioVersion = 10.0.40219.1
Project("{FAE04EC0-301F-11D3-BF4B-00C04F79EFBC}") = "DepressingFigures.Lib", "DepressingFigures.Lib\DepressingFigures.Lib.csproj", "{BE6FFBEB-4DAD-4A14-BA85-3815123F8C6A}"
EndProject
Global
	GlobalSection(SolutionConfigurationPlatforms) = preSolution
		Debug|Any CPU = Debug|Any CPU
		Release|Any CPU = Release|Any CPU
	EndGlobalSection
	GlobalSection(ProjectConfigurationPlatforms) = postSolution
		{BE6FFBEB-4DAD-4A14-BA85-3815123F8C6A}.Debug|Any CPU.ActiveCfg = Debug|Any CPU
		{BE6FFBEB-4DAD-4A14-BA85-3815123F8C6A}.Debug|Any CPU.Build.0 = Debug|Any CPU
		{BE6FFBEB-4DAD-4A14-BA85-3815123F8C6A}.Release|Any CPU.ActiveCfg = Release|Any CPU
		{BE6FFBEB-4DAD-4A14-BA85-3815123F8C6A}.Release|Any CPU.Build.0 = Release|Any CPU
	EndGlobalSection
	GlobalSection(SolutionProperties) = preSolution
		HideSolutionNode = FALSE
	EndGlobalSection
	GlobalSection(ExtensibilityGlobals) = postSolution
		SolutionGuid = {99760844-6F01-45BE-9A06-019854800993}
	EndGlobalSection
EndGlobal
