
Microsoft Visual Studio Solution File, Format Version 11.00
# Visual Studio 2010
Project("{FAE04EC0-301F-11D3-BF4B-00C04F79EFBC}") = "MFConsoleApplication1", "MFConsoleApplication1.csproj", "{31162934-5C8B-416C-8100-8B3705FB245B}"
EndProject
Project("{FAE04EC0-301F-11D3-BF4B-00C04F79EFBC}") = "PagingSwitchLibrary", "..\..\BeeperWebApp\SerialComInterface\PagingSwitchLibrary.csproj", "{0DA1AC5B-E54B-4AD5-9ED8-9AD600F8A052}"
EndProject
Global
	GlobalSection(SolutionConfigurationPlatforms) = preSolution
		Debug|Any CPU = Debug|Any CPU
		Release|Any CPU = Release|Any CPU
	EndGlobalSection
	GlobalSection(ProjectConfigurationPlatforms) = postSolution
		{31162934-5C8B-416C-8100-8B3705FB245B}.Debug|Any CPU.ActiveCfg = Debug|Any CPU
		{31162934-5C8B-416C-8100-8B3705FB245B}.Debug|Any CPU.Build.0 = Debug|Any CPU
		{31162934-5C8B-416C-8100-8B3705FB245B}.Debug|Any CPU.Deploy.0 = Debug|Any CPU
		{31162934-5C8B-416C-8100-8B3705FB245B}.Release|Any CPU.ActiveCfg = Release|Any CPU
		{31162934-5C8B-416C-8100-8B3705FB245B}.Release|Any CPU.Build.0 = Release|Any CPU
		{31162934-5C8B-416C-8100-8B3705FB245B}.Release|Any CPU.Deploy.0 = Release|Any CPU
		{0DA1AC5B-E54B-4AD5-9ED8-9AD600F8A052}.Debug|Any CPU.ActiveCfg = Debug|Any CPU
		{0DA1AC5B-E54B-4AD5-9ED8-9AD600F8A052}.Debug|Any CPU.Build.0 = Debug|Any CPU
		{0DA1AC5B-E54B-4AD5-9ED8-9AD600F8A052}.Release|Any CPU.ActiveCfg = Release|Any CPU
		{0DA1AC5B-E54B-4AD5-9ED8-9AD600F8A052}.Release|Any CPU.Build.0 = Release|Any CPU
	EndGlobalSection
	GlobalSection(SolutionProperties) = preSolution
		HideSolutionNode = FALSE
	EndGlobalSection
EndGlobal
