
Microsoft Visual Studio Solution File, Format Version 11.00
# Visual Studio 2010
Project("{2150E333-8FDC-42A3-9474-1A3956D46DE8}") = "Logic", "Logic", "{D808AA57-4F70-4ADB-A7C7-C24E5613093A}"
EndProject
Project("{FAE04EC0-301F-11D3-BF4B-00C04F79EFBC}") = "LotteryBaseLogic", "LotteryBaseLogic\LotteryBaseLogic.csproj", "{C40D0C13-4ADE-4A27-ACE4-AA69BD36E7FB}"
EndProject
Project("{FAE04EC0-301F-11D3-BF4B-00C04F79EFBC}") = "LotteryWcfService", "LotteryWcfService\LotteryWcfService.csproj", "{2E36CC0A-D219-4DB2-99E9-1B438CE2C8D8}"
EndProject
Project("{FAE04EC0-301F-11D3-BF4B-00C04F79EFBC}") = "LotteryWcfHost", "LotteryWcfHost\LotteryWcfHost.csproj", "{10BF7AC7-12E7-4D18-BEBD-0B0CBA527CF8}"
EndProject
Global
	GlobalSection(SolutionConfigurationPlatforms) = preSolution
		Debug|Any CPU = Debug|Any CPU
		Release|Any CPU = Release|Any CPU
	EndGlobalSection
	GlobalSection(ProjectConfigurationPlatforms) = postSolution
		{C40D0C13-4ADE-4A27-ACE4-AA69BD36E7FB}.Debug|Any CPU.ActiveCfg = Debug|Any CPU
		{C40D0C13-4ADE-4A27-ACE4-AA69BD36E7FB}.Debug|Any CPU.Build.0 = Debug|Any CPU
		{C40D0C13-4ADE-4A27-ACE4-AA69BD36E7FB}.Release|Any CPU.ActiveCfg = Release|Any CPU
		{C40D0C13-4ADE-4A27-ACE4-AA69BD36E7FB}.Release|Any CPU.Build.0 = Release|Any CPU
		{2E36CC0A-D219-4DB2-99E9-1B438CE2C8D8}.Debug|Any CPU.ActiveCfg = Debug|Any CPU
		{2E36CC0A-D219-4DB2-99E9-1B438CE2C8D8}.Debug|Any CPU.Build.0 = Debug|Any CPU
		{2E36CC0A-D219-4DB2-99E9-1B438CE2C8D8}.Release|Any CPU.ActiveCfg = Release|Any CPU
		{2E36CC0A-D219-4DB2-99E9-1B438CE2C8D8}.Release|Any CPU.Build.0 = Release|Any CPU
		{10BF7AC7-12E7-4D18-BEBD-0B0CBA527CF8}.Debug|Any CPU.ActiveCfg = Debug|Any CPU
		{10BF7AC7-12E7-4D18-BEBD-0B0CBA527CF8}.Debug|Any CPU.Build.0 = Debug|Any CPU
		{10BF7AC7-12E7-4D18-BEBD-0B0CBA527CF8}.Release|Any CPU.ActiveCfg = Release|Any CPU
		{10BF7AC7-12E7-4D18-BEBD-0B0CBA527CF8}.Release|Any CPU.Build.0 = Release|Any CPU
	EndGlobalSection
	GlobalSection(SolutionProperties) = preSolution
		HideSolutionNode = FALSE
	EndGlobalSection
	GlobalSection(NestedProjects) = preSolution
		{C40D0C13-4ADE-4A27-ACE4-AA69BD36E7FB} = {D808AA57-4F70-4ADB-A7C7-C24E5613093A}
		{2E36CC0A-D219-4DB2-99E9-1B438CE2C8D8} = {D808AA57-4F70-4ADB-A7C7-C24E5613093A}
	EndGlobalSection
EndGlobal
