
Microsoft Visual Studio Solution File, Format Version 12.00
# Visual Studio 15
VisualStudioVersion = 15.0.28010.2046
MinimumVisualStudioVersion = 10.0.40219.1
Project("{FAE04EC0-301F-11D3-BF4B-00C04F79EFBC}") = "SimpleCmdEmail", "SimpleCmdEmail.csproj", "{74DAA068-4230-4921-B9CF-D9569153EFC3}"
EndProject
Global
	GlobalSection(SolutionConfigurationPlatforms) = preSolution
		Debug|Any CPU = Debug|Any CPU
		Release|Any CPU = Release|Any CPU
	EndGlobalSection
	GlobalSection(ProjectConfigurationPlatforms) = postSolution
		{74DAA068-4230-4921-B9CF-D9569153EFC3}.Debug|Any CPU.ActiveCfg = Debug|Any CPU
		{74DAA068-4230-4921-B9CF-D9569153EFC3}.Debug|Any CPU.Build.0 = Debug|Any CPU
		{74DAA068-4230-4921-B9CF-D9569153EFC3}.Release|Any CPU.ActiveCfg = Release|Any CPU
		{74DAA068-4230-4921-B9CF-D9569153EFC3}.Release|Any CPU.Build.0 = Release|Any CPU
	EndGlobalSection
	GlobalSection(SolutionProperties) = preSolution
		HideSolutionNode = FALSE
	EndGlobalSection
	GlobalSection(ExtensibilityGlobals) = postSolution
		SolutionGuid = {F71F2DBB-B2F1-4E89-870D-49AFC1ADB5ED}
	EndGlobalSection
EndGlobal
